
Microsoft Visual Studio Solution File, Format Version 12.00
# Visual Studio Version 17
VisualStudioVersion = 17.0.31903.59
MinimumVisualStudioVersion = 10.0.40219.1
Project("{2150E333-8FDC-42A3-9474-1A3956D46DE8}") = "Services", "Services", "{5854FF58-B8C5-05C6-5BF2-ACE42193F22B}"
EndProject
Project("{2150E333-8FDC-42A3-9474-1A3956D46DE8}") = "Catalog", "Catalog", "{944ACC7E-4FFC-A2A2-09E1-98A62C66F8DB}"
EndProject
Project("{FAE04EC0-301F-11D3-BF4B-00C04F79EFBC}") = "Catalog.API", "Services\Catalog\Catalog.API\Catalog.API.csproj", "{ED8C3132-6A44-489F-9B47-E0BAC4815A56}"
EndProject
Project("{FAE04EC0-301F-11D3-BF4B-00C04F79EFBC}") = "Catalog.Domain", "Services\Catalog\Catalog.Domain\Catalog.Domain.csproj", "{C2C4E787-3C55-4D67-A64C-2DA960A4895B}"
EndProject
Project("{2150E333-8FDC-42A3-9474-1A3956D46DE8}") = "BuildingBlock", "BuildingBlock", "{2873A9F3-540F-5365-CBF1-89408AFC09C8}"
EndProject
Project("{FAE04EC0-301F-11D3-BF4B-00C04F79EFBC}") = "BuildingBlock", "BuildingBlock\BuildingBlock\BuildingBlock.csproj", "{F93DFEF2-1DB3-41B1-AEE6-54B8BC5E2321}"
EndProject
Global
	GlobalSection(SolutionConfigurationPlatforms) = preSolution
		Debug|Any CPU = Debug|Any CPU
		Debug|x64 = Debug|x64
		Debug|x86 = Debug|x86
		Release|Any CPU = Release|Any CPU
		Release|x64 = Release|x64
		Release|x86 = Release|x86
	EndGlobalSection
	GlobalSection(ProjectConfigurationPlatforms) = postSolution
		{ED8C3132-6A44-489F-9B47-E0BAC4815A56}.Debug|Any CPU.ActiveCfg = Debug|Any CPU
		{ED8C3132-6A44-489F-9B47-E0BAC4815A56}.Debug|Any CPU.Build.0 = Debug|Any CPU
		{ED8C3132-6A44-489F-9B47-E0BAC4815A56}.Debug|x64.ActiveCfg = Debug|Any CPU
		{ED8C3132-6A44-489F-9B47-E0BAC4815A56}.Debug|x64.Build.0 = Debug|Any CPU
		{ED8C3132-6A44-489F-9B47-E0BAC4815A56}.Debug|x86.ActiveCfg = Debug|Any CPU
		{ED8C3132-6A44-489F-9B47-E0BAC4815A56}.Debug|x86.Build.0 = Debug|Any CPU
		{ED8C3132-6A44-489F-9B47-E0BAC4815A56}.Release|Any CPU.ActiveCfg = Release|Any CPU
		{ED8C3132-6A44-489F-9B47-E0BAC4815A56}.Release|Any CPU.Build.0 = Release|Any CPU
		{ED8C3132-6A44-489F-9B47-E0BAC4815A56}.Release|x64.ActiveCfg = Release|Any CPU
		{ED8C3132-6A44-489F-9B47-E0BAC4815A56}.Release|x64.Build.0 = Release|Any CPU
		{ED8C3132-6A44-489F-9B47-E0BAC4815A56}.Release|x86.ActiveCfg = Release|Any CPU
		{ED8C3132-6A44-489F-9B47-E0BAC4815A56}.Release|x86.Build.0 = Release|Any CPU
		{C2C4E787-3C55-4D67-A64C-2DA960A4895B}.Debug|Any CPU.ActiveCfg = Debug|Any CPU
		{C2C4E787-3C55-4D67-A64C-2DA960A4895B}.Debug|Any CPU.Build.0 = Debug|Any CPU
		{C2C4E787-3C55-4D67-A64C-2DA960A4895B}.Debug|x64.ActiveCfg = Debug|Any CPU
		{C2C4E787-3C55-4D67-A64C-2DA960A4895B}.Debug|x64.Build.0 = Debug|Any CPU
		{C2C4E787-3C55-4D67-A64C-2DA960A4895B}.Debug|x86.ActiveCfg = Debug|Any CPU
		{C2C4E787-3C55-4D67-A64C-2DA960A4895B}.Debug|x86.Build.0 = Debug|Any CPU
		{C2C4E787-3C55-4D67-A64C-2DA960A4895B}.Release|Any CPU.ActiveCfg = Release|Any CPU
		{C2C4E787-3C55-4D67-A64C-2DA960A4895B}.Release|Any CPU.Build.0 = Release|Any CPU
		{C2C4E787-3C55-4D67-A64C-2DA960A4895B}.Release|x64.ActiveCfg = Release|Any CPU
		{C2C4E787-3C55-4D67-A64C-2DA960A4895B}.Release|x64.Build.0 = Release|Any CPU
		{C2C4E787-3C55-4D67-A64C-2DA960A4895B}.Release|x86.ActiveCfg = Release|Any CPU
		{C2C4E787-3C55-4D67-A64C-2DA960A4895B}.Release|x86.Build.0 = Release|Any CPU
		{F93DFEF2-1DB3-41B1-AEE6-54B8BC5E2321}.Debug|Any CPU.ActiveCfg = Debug|Any CPU
		{F93DFEF2-1DB3-41B1-AEE6-54B8BC5E2321}.Debug|Any CPU.Build.0 = Debug|Any CPU
		{F93DFEF2-1DB3-41B1-AEE6-54B8BC5E2321}.Debug|x64.ActiveCfg = Debug|Any CPU
		{F93DFEF2-1DB3-41B1-AEE6-54B8BC5E2321}.Debug|x64.Build.0 = Debug|Any CPU
		{F93DFEF2-1DB3-41B1-AEE6-54B8BC5E2321}.Debug|x86.ActiveCfg = Debug|Any CPU
		{F93DFEF2-1DB3-41B1-AEE6-54B8BC5E2321}.Debug|x86.Build.0 = Debug|Any CPU
		{F93DFEF2-1DB3-41B1-AEE6-54B8BC5E2321}.Release|Any CPU.ActiveCfg = Release|Any CPU
		{F93DFEF2-1DB3-41B1-AEE6-54B8BC5E2321}.Release|Any CPU.Build.0 = Release|Any CPU
		{F93DFEF2-1DB3-41B1-AEE6-54B8BC5E2321}.Release|x64.ActiveCfg = Release|Any CPU
		{F93DFEF2-1DB3-41B1-AEE6-54B8BC5E2321}.Release|x64.Build.0 = Release|Any CPU
		{F93DFEF2-1DB3-41B1-AEE6-54B8BC5E2321}.Release|x86.ActiveCfg = Release|Any CPU
		{F93DFEF2-1DB3-41B1-AEE6-54B8BC5E2321}.Release|x86.Build.0 = Release|Any CPU
	EndGlobalSection
	GlobalSection(SolutionProperties) = preSolution
		HideSolutionNode = FALSE
	EndGlobalSection
	GlobalSection(NestedProjects) = preSolution
		{944ACC7E-4FFC-A2A2-09E1-98A62C66F8DB} = {5854FF58-B8C5-05C6-5BF2-ACE42193F22B}
		{ED8C3132-6A44-489F-9B47-E0BAC4815A56} = {944ACC7E-4FFC-A2A2-09E1-98A62C66F8DB}
		{C2C4E787-3C55-4D67-A64C-2DA960A4895B} = {944ACC7E-4FFC-A2A2-09E1-98A62C66F8DB}
		{F93DFEF2-1DB3-41B1-AEE6-54B8BC5E2321} = {2873A9F3-540F-5365-CBF1-89408AFC09C8}
	EndGlobalSection
EndGlobal
